lockfileVersion: "9.0"

settings:
  autoInstallPeers: true
  excludeLinksFromLockfile: false

importers:
  .:
    devDependencies:
      dprint:
        specifier: ^0.48.0
        version: 0.48.0
      typescript:
        specifier: ^5.7.2
        version: 5.7.2

packages:
  "@dprint/darwin-arm64@0.48.0":
    resolution: { integrity: sha512-LJ+02WB1PDIUqobfwxBVMz0cUByXsZ6izFTC9tHR+BDt+qWfoZpCn5r/zpAVSkVlA5LzGHKLVNJrwKwaTnAiVA== }
    cpu: [arm64]
    os: [darwin]

  "@dprint/darwin-x64@0.48.0":
    resolution: { integrity: sha512-OxfLbitoNvFMVucauJ2DvEaJpnxyyhXWC2M56f2AX8lkZSsHrdMHtklqxHz3cBGVPpcCXjLPRC139ynwmqtjIA== }
    cpu: [x64]
    os: [darwin]

  "@dprint/linux-arm64-glibc@0.48.0":
    resolution: { integrity: sha512-VMeyorjMXE9NrksmyOJ0zJRGxT7r7kDBBxshCxW+U1xgW+FqR8oE25RZaeDZZPDzUHapAly4ILZqjExLzAWVpw== }
    cpu: [arm64]
    os: [linux]

  "@dprint/linux-arm64-musl@0.48.0":
    resolution: { integrity: sha512-1BUHQKEngrZv8F6wq2SVxdokyeUoHFXjz0xbYGwctlFPzXAVNLpDy9FROXsfIKmxZ0NsRqEpatETLmubtvWtcA== }
    cpu: [arm64]
    os: [linux]

  "@dprint/linux-riscv64-glibc@0.48.0":
    resolution: { integrity: sha512-c8LktisPGbygyFf9wUg0trbAQDApawU017iPQXkZnGcV4QoCeGkFjnY8vltIKyy5DeP5gIp12KjlaT/wogMPkw== }
    cpu: [riscv64]
    os: [linux]

  "@dprint/linux-x64-glibc@0.48.0":
    resolution: { integrity: sha512-Am8rp4FqmkO4aFdmwxk+82g2csxPLTPIlNq0Fa9AZReU15yta3Pq0Pg4AXFq+KSso5L4WGmt09ciCitK5gmdOg== }
    cpu: [x64]
    os: [linux]

  "@dprint/linux-x64-musl@0.48.0":
    resolution: { integrity: sha512-0nzrZXOvblM/H4GVffNJ7YZn/Y4F/i+DNDZRT1hQmKuTQurB7a2MBJ91OpooLIWJoSn4q40crwM1Po4xnNXrdg== }
    cpu: [x64]
    os: [linux]

  "@dprint/win32-arm64@0.48.0":
    resolution: { integrity: sha512-bRcGLbhKEXmP7iXDir/vU6DqkA3XaMqBM6P2ACCJMHd+XKWsz3VJzZMn5hFWZ+oZpxUsS3Mg2RcgH5xVjaawgA== }
    cpu: [arm64]
    os: [win32]

  "@dprint/win32-x64@0.48.0":
    resolution: { integrity: sha512-9JOKWWngo5vPBFxJgFogAS4rfFC2GaB9Yew6JZbRBUik7j5Num2muuw5p1tMYnl2NUBdS2W4EgsSLM3uUDyhBQ== }
    cpu: [x64]
    os: [win32]

  dprint@0.48.0:
    resolution: { integrity: sha512-dmCrYTiubcsQklTLUimlO+p8wWgMtZBjpPVsOGiw4kPX7Dn41vwyE1R4qA8Px4xHgQtcX7WP9mJujF4C8vISIw== }
    hasBin: true

  typescript@5.7.2:
    resolution: { integrity: sha512-i5t66RHxDvVN40HfDd1PsEThGNnlMCMT3jMUuoh9/0TaqWevNontacunWyN02LA9/fIbEWlcHZcgTKb9QoaLfg== }
    engines: { node: ">=14.17" }
    hasBin: true

snapshots:
  "@dprint/darwin-arm64@0.48.0":
    optional: true

  "@dprint/darwin-x64@0.48.0":
    optional: true

  "@dprint/linux-arm64-glibc@0.48.0":
    optional: true

  "@dprint/linux-arm64-musl@0.48.0":
    optional: true

  "@dprint/linux-riscv64-glibc@0.48.0":
    optional: true

  "@dprint/linux-x64-glibc@0.48.0":
    optional: true

  "@dprint/linux-x64-musl@0.48.0":
    optional: true

  "@dprint/win32-arm64@0.48.0":
    optional: true

  "@dprint/win32-x64@0.48.0":
    optional: true

  dprint@0.48.0:
    optionalDependencies:
      "@dprint/darwin-arm64": 0.48.0
      "@dprint/darwin-x64": 0.48.0
      "@dprint/linux-arm64-glibc": 0.48.0
      "@dprint/linux-arm64-musl": 0.48.0
      "@dprint/linux-riscv64-glibc": 0.48.0
      "@dprint/linux-x64-glibc": 0.48.0
      "@dprint/linux-x64-musl": 0.48.0
      "@dprint/win32-arm64": 0.48.0
      "@dprint/win32-x64": 0.48.0

  typescript@5.7.2: {}
